
Microsoft Visual Studio Solution File, Format Version 12.00
# Visual Studio Version 16
VisualStudioVersion = 25.0.1700.4
MinimumVisualStudioVersion = 10.0.40219.1
Project("{FAE04EC0-301F-11D3-BF4B-00C04F79EFBC}") = "BankEncapsulation", "BankEncapsulation\BankEncapsulation.csproj", "{9CEDD7BC-11BB-483D-89EB-828226EC5204}"
EndProject
Global
	GlobalSection(SolutionConfigurationPlatforms) = preSolution
		Debug|Any CPU = Debug|Any CPU
		Release|Any CPU = Release|Any CPU
	EndGlobalSection
	GlobalSection(ProjectConfigurationPlatforms) = postSolution
		{9CEDD7BC-11BB-483D-89EB-828226EC5204}.Debug|Any CPU.ActiveCfg = Debug|Any CPU
		{9CEDD7BC-11BB-483D-89EB-828226EC5204}.Debug|Any CPU.Build.0 = Debug|Any CPU
		{9CEDD7BC-11BB-483D-89EB-828226EC5204}.Release|Any CPU.ActiveCfg = Release|Any CPU
		{9CEDD7BC-11BB-483D-89EB-828226EC5204}.Release|Any CPU.Build.0 = Release|Any CPU
	EndGlobalSection
	GlobalSection(SolutionProperties) = preSolution
		HideSolutionNode = FALSE
	EndGlobalSection
	GlobalSection(ExtensibilityGlobals) = postSolution
		SolutionGuid = {8839E5AF-D008-4065-A6EA-D1BBE53B30EC}
	EndGlobalSection
EndGlobal
